
Microsoft Visual Studio Solution File, Format Version 12.00
Project("{FAE04EC0-301F-11D3-BF4B-00C04F79EFBC}") = "Eventbus", "Eventbus\Eventbus.csproj", "{A5940D19-71F1-4AA9-9A7B-8A1E3C7962B6}"
EndProject
Project("{FAE04EC0-301F-11D3-BF4B-00C04F79EFBC}") = "EventBusBenchmark", "EventBusBenchmark\EventBusBenchmark.csproj", "{C9B7104A-0877-4818-86F1-5F8F8FBFADE1}"
EndProject
Global
	GlobalSection(SolutionConfigurationPlatforms) = preSolution
		Debug|Any CPU = Debug|Any CPU
		Release|Any CPU = Release|Any CPU
	EndGlobalSection
	GlobalSection(ProjectConfigurationPlatforms) = postSolution
		{A5940D19-71F1-4AA9-9A7B-8A1E3C7962B6}.Debug|Any CPU.ActiveCfg = Debug|Any CPU
		{A5940D19-71F1-4AA9-9A7B-8A1E3C7962B6}.Debug|Any CPU.Build.0 = Debug|Any CPU
		{A5940D19-71F1-4AA9-9A7B-8A1E3C7962B6}.Release|Any CPU.ActiveCfg = Release|Any CPU
		{A5940D19-71F1-4AA9-9A7B-8A1E3C7962B6}.Release|Any CPU.Build.0 = Release|Any CPU
		{C9B7104A-0877-4818-86F1-5F8F8FBFADE1}.Debug|Any CPU.ActiveCfg = Debug|Any CPU
		{C9B7104A-0877-4818-86F1-5F8F8FBFADE1}.Debug|Any CPU.Build.0 = Debug|Any CPU
		{C9B7104A-0877-4818-86F1-5F8F8FBFADE1}.Release|Any CPU.ActiveCfg = Release|Any CPU
		{C9B7104A-0877-4818-86F1-5F8F8FBFADE1}.Release|Any CPU.Build.0 = Release|Any CPU
	EndGlobalSection
EndGlobal
